
Microsoft Visual Studio Solution File, Format Version 12.00
# Visual Studio Version 17
VisualStudioVersion = 17.5.002.0
MinimumVisualStudioVersion = 10.0.40219.1
Project("{9A19103F-16F7-4668-BE54-9A1E7A4F7556}") = "PokedexAPI", "PokedexAPI.csproj", "{B6659E5F-1632-4411-8646-F5C86FA88006}"
EndProject
Global
	GlobalSection(SolutionConfigurationPlatforms) = preSolution
		Debug|Any CPU = Debug|Any CPU
		Release|Any CPU = Release|Any CPU
	EndGlobalSection
	GlobalSection(ProjectConfigurationPlatforms) = postSolution
		{B6659E5F-1632-4411-8646-F5C86FA88006}.Debug|Any CPU.ActiveCfg = Debug|Any CPU
		{B6659E5F-1632-4411-8646-F5C86FA88006}.Debug|Any CPU.Build.0 = Debug|Any CPU
		{B6659E5F-1632-4411-8646-F5C86FA88006}.Release|Any CPU.ActiveCfg = Release|Any CPU
		{B6659E5F-1632-4411-8646-F5C86FA88006}.Release|Any CPU.Build.0 = Release|Any CPU
	EndGlobalSection
	GlobalSection(SolutionProperties) = preSolution
		HideSolutionNode = FALSE
	EndGlobalSection
	GlobalSection(ExtensibilityGlobals) = postSolution
		SolutionGuid = {D0181134-E206-46E7-8F35-9D24E34FCA9E}
	EndGlobalSection
EndGlobal
